#MicroXplorer Configuration settings - do not modify
CAD.formats=
CAD.pinconfig=
CAD.provider=
CORTEX_M7.IPParameters=default_mode_Activation
CORTEX_M7.default_mode_Activation=1
FREERTOS.IPParameters=Tasks01,configTOTAL_HEAP_SIZE
FREERTOS.Tasks01=defaultTask,24,128,StartDefaultTask,Default,NULL,Dynamic,NULL,NULL
FREERTOS.configTOTAL_HEAP_SIZE=20480
File.Version=6
GPIO.groupedBy=
I2C1.IPParameters=Timing
I2C1.Timing=0x00707CBB
I2C2.IPParameters=Timing
I2C2.Timing=0x00707CBB
I2C3.IPParameters=Timing
I2C3.Timing=0x00707CBB
KeepUserPlacement=false
MMTAppRegionsCount=0
MMTConfigApplied=false
Mcu.CPN=STM32H743XIH6
Mcu.Family=STM32H7
Mcu.IP0=CORTEX_M7
Mcu.IP1=FREERTOS
Mcu.IP10=USART2
Mcu.IP11=USART3
Mcu.IP12=USART6
Mcu.IP2=I2C1
Mcu.IP3=I2C2
Mcu.IP4=I2C3
Mcu.IP5=I2C4
Mcu.IP6=MEMORYMAP
Mcu.IP7=NVIC
Mcu.IP8=RCC
Mcu.IP9=SYS
Mcu.IPNb=13
Mcu.Name=STM32H743XIHx
Mcu.Package=TFBGA240
Mcu.Pin0=PI6
Mcu.Pin1=PI5
Mcu.Pin10=PD6
Mcu.Pin11=PC11
Mcu.Pin12=PE2
Mcu.Pin13=PB7
Mcu.Pin14=PC12
Mcu.Pin15=PB9
Mcu.Pin16=PB8
Mcu.Pin17=PG14
Mcu.Pin18=PJ14
Mcu.Pin19=PD2
Mcu.Pin2=PI4
Mcu.Pin20=PD0
Mcu.Pin21=PA10
Mcu.Pin22=PA9
Mcu.Pin23=PC9
Mcu.Pin24=PA8
Mcu.Pin25=PC6
Mcu.Pin26=PG8
Mcu.Pin27=PF1
Mcu.Pin28=PF0
Mcu.Pin29=PG5
Mcu.Pin3=PG10
Mcu.Pin30=PG6
Mcu.Pin31=PC1
Mcu.Pin32=PC2
Mcu.Pin33=PC3
Mcu.Pin34=PB11
Mcu.Pin35=PA6
Mcu.Pin36=PH8
Mcu.Pin37=PB13
Mcu.Pin38=PB14
Mcu.Pin39=VP_FREERTOS_VS_CMSIS_V2
Mcu.Pin4=PG9
Mcu.Pin40=VP_SYS_VS_tim1
Mcu.Pin41=VP_MEMORYMAP_VS_MEMORYMAP
Mcu.Pin5=PD5
Mcu.Pin6=PC10
Mcu.Pin7=PI7
Mcu.Pin8=PE1
Mcu.Pin9=PB6
Mcu.PinsNb=42
Mcu.ThirdPartyNb=0
Mcu.UserConstants=
Mcu.UserName=STM32H743XIHx
MxCube.Version=6.14.1
MxDb.Version=DB.6.0.141
NVIC.BusFault_IRQn=true\:0\:0\:false\:false\:true\:false\:false\:false\:false
NVIC.DebugMonitor_IRQn=true\:0\:0\:false\:false\:true\:false\:false\:false\:false
NVIC.ForceEnableDMAVector=true
NVIC.HardFault_IRQn=true\:0\:0\:false\:false\:true\:false\:false\:false\:false
NVIC.MemoryManagement_IRQn=true\:0\:0\:false\:false\:true\:false\:false\:false\:false
NVIC.NonMaskableInt_IRQn=true\:0\:0\:false\:false\:true\:false\:false\:false\:false
NVIC.PendSV_IRQn=true\:15\:0\:false\:false\:false\:true\:false\:false\:false
NVIC.PriorityGroup=NVIC_PRIORITYGROUP_4
NVIC.SVCall_IRQn=true\:0\:0\:false\:false\:false\:false\:false\:false\:false
NVIC.SavedPendsvIrqHandlerGenerated=true
NVIC.SavedSvcallIrqHandlerGenerated=true
NVIC.SavedSystickIrqHandlerGenerated=true
NVIC.SysTick_IRQn=true\:15\:0\:false\:false\:false\:true\:false\:true\:false
NVIC.TIM1_UP_IRQn=true\:15\:0\:false\:false\:true\:false\:false\:true\:true
NVIC.TimeBase=TIM1_UP_IRQn
NVIC.TimeBaseIP=TIM1
NVIC.USART2_IRQn=true\:5\:0\:false\:false\:true\:true\:true\:true\:true
NVIC.UsageFault_IRQn=true\:0\:0\:false\:false\:true\:false\:false\:false\:false
PA10.GPIOParameters=GPIO_Label
PA10.GPIO_Label=CAM_D1
PA10.Locked=true
PA10.Signal=DCMI_D1
PA6.GPIOParameters=GPIO_Label
PA6.GPIO_Label=CAM_DCLK
PA6.Locked=true
PA6.Signal=DCMI_PIXCLK
PA8.Mode=I2C
PA8.Signal=I2C3_SCL
PA9.GPIOParameters=GPIO_Label
PA9.GPIO_Label=CAM_D0
PA9.Locked=true
PA9.Signal=DCMI_D0
PB11.GPIOParameters=GPIO_Label
PB11.GPIO_Label=DEBUG_RX
PB11.Mode=Asynchronous
PB11.Signal=USART3_RX
PB13.GPIOParameters=GPIO_Label
PB13.GPIO_Label=GATE_TEMP
PB13.Locked=true
PB13.Signal=GPIO_Output
PB14.GPIOParameters=GPIO_Label
PB14.GPIO_Label=GATE_MAG
PB14.Locked=true
PB14.Signal=GPIO_Output
PB6.GPIOParameters=GPIO_Label
PB6.GPIO_Label=INA219_SCL
PB6.Locked=true
PB6.Mode=I2C
PB6.Signal=I2C4_SCL
PB7.GPIOParameters=GPIO_Label
PB7.GPIO_Label=INA219_SDA
PB7.Locked=true
PB7.Mode=I2C
PB7.Signal=I2C4_SDA
PB8.GPIOParameters=GPIO_Label
PB8.GPIO_Label=IMC_SCL
PB8.Locked=true
PB8.Mode=I2C
PB8.Signal=I2C1_SCL
PB9.GPIOParameters=GPIO_Label
PB9.GPIO_Label=IMC_SDA
PB9.Locked=true
PB9.Mode=I2C
PB9.Signal=I2C1_SDA
PC1.GPIOParameters=GPIO_Label
PC1.GPIO_Label=GATE_CAM
PC1.Locked=true
PC1.Signal=GPIO_Output
PC10.GPIOParameters=GPIO_Label
PC10.GPIO_Label=DEBUG_TX
PC10.Mode=Asynchronous
PC10.Signal=USART3_TX
PC11.GPIOParameters=GPIO_Label
PC11.GPIO_Label=CAM_D4
PC11.Locked=true
PC11.Signal=DCMI_D4
PC12.GPIOParameters=GPIO_Label
PC12.GPIO_Label=TEMP_DATA
PC12.Locked=true
PC12.Signal=GPIO_Output
PC2.GPIOParameters=GPIO_Label
PC2.GPIO_Label=GATE_LORA
PC2.Locked=true
PC2.Signal=GPIO_Output
PC3.GPIOParameters=GPIO_Label
PC3.GPIO_Label=GATE_IMU
PC3.Locked=true
PC3.Signal=GPIO_Output
PC6.GPIOParameters=GPIO_Label
PC6.GPIO_Label=MAG_DRDY
PC6.Locked=true
PC6.Signal=GPXTI6
PC9.Mode=I2C
PC9.Signal=I2C3_SDA
PD0.GPIOParameters=GPIO_Label
PD0.GPIO_Label=LORA_M0
PD0.Locked=true
PD0.Signal=GPIO_Output
PD2.GPIOParameters=GPIO_Label
PD2.GPIO_Label=LORA_M1
PD2.Locked=true
PD2.Signal=GPIO_Output
PD5.GPIOParameters=GPIO_Label
PD5.GPIO_Label=GPS_TX
PD5.Mode=Asynchronous
PD5.Signal=USART2_TX
PD6.GPIOParameters=GPIO_Label
PD6.GPIO_Label=GPS_RX
PD6.Mode=Asynchronous
PD6.Signal=USART2_RX
PE1.GPIOParameters=GPIO_Label
PE1.GPIO_Label=CAM_D3
PE1.Locked=true
PE1.Signal=DCMI_D3
PE2.GPIOParameters=GPIO_Label
PE2.GPIO_Label=GATE_GPS
PE2.Locked=true
PE2.Signal=GPIO_Output
PF0.Mode=I2C
PF0.Signal=I2C2_SDA
PF1.Mode=I2C
PF1.Signal=I2C2_SCL
PG10.GPIOParameters=GPIO_Label
PG10.GPIO_Label=CAM_D2
PG10.Locked=true
PG10.Signal=DCMI_D2
PG14.GPIOParameters=GPIO_Label
PG14.GPIO_Label=LORA_TXD
PG14.Mode=Asynchronous
PG14.Signal=USART6_TX
PG5.GPIOParameters=GPIO_Label
PG5.GPIO_Label=CAM_PWDN
PG5.Locked=true
PG5.Signal=GPIO_Output
PG6.GPIOParameters=GPIO_Label
PG6.GPIO_Label=CAM_RST
PG6.Locked=true
PG6.Signal=GPIO_Output
PG8.GPIOParameters=GPIO_Label
PG8.GPIO_Label=GPS_PPS
PG8.Locked=true
PG8.Signal=GPXTI8
PG9.GPIOParameters=GPIO_Label
PG9.GPIO_Label=LORA_RXD
PG9.Mode=Asynchronous
PG9.Signal=USART6_RX
PH8.GPIOParameters=GPIO_Label
PH8.GPIO_Label=CQAM_HRFF
PH8.Locked=true
PH8.Signal=DCMI_HSYNC
PI4.GPIOParameters=GPIO_Label
PI4.GPIO_Label=CAM_D5
PI4.Locked=true
PI4.Signal=DCMI_D5
PI5.GPIOParameters=GPIO_Label
PI5.GPIO_Label=CAM_VSYNC
PI5.Locked=true
PI5.Signal=DCMI_VSYNC
PI6.GPIOParameters=GPIO_Label
PI6.GPIO_Label=CAM_D6
PI6.Locked=true
PI6.Signal=DCMI_D6
PI7.GPIOParameters=GPIO_Label
PI7.GPIO_Label=CAM_D7
PI7.Locked=true
PI7.Signal=DCMI_D7
PJ14.GPIOParameters=GPIO_Label
PJ14.GPIO_Label=LORA_AUX
PJ14.Locked=true
PJ14.Signal=GPIO_Input
PinOutPanel.CurrentBGAView=Top
PinOutPanel.RotationAngle=0
ProjectManager.AskForMigrate=true
ProjectManager.BackupPrevious=false
ProjectManager.CompilerLinker=GCC
ProjectManager.CompilerOptimize=6
ProjectManager.ComputerToolchain=false
ProjectManager.CoupleFile=false
ProjectManager.CustomerFirmwarePackage=
ProjectManager.DefaultFWLocation=true
ProjectManager.DeletePrevious=true
ProjectManager.DeviceId=STM32H743XIHx
ProjectManager.FirmwarePackage=STM32Cube FW_H7 V1.12.1
ProjectManager.FreePins=false
ProjectManager.HalAssertFull=false
ProjectManager.HeapSize=0x200
ProjectManager.KeepUserCode=true
ProjectManager.LastFirmware=true
ProjectManager.LibraryCopy=0
ProjectManager.MainLocation=Core/Src
ProjectManager.NoMain=false
ProjectManager.PreviousToolchain=
ProjectManager.ProjectBuild=false
ProjectManager.ProjectFileName=CubeSat1U.ioc
ProjectManager.ProjectName=CubeSat1U
ProjectManager.ProjectStructure=
ProjectManager.RegisterCallBack=
ProjectManager.StackSize=0x400
ProjectManager.TargetToolchain=MDK-ARM V5.32
ProjectManager.ToolChainLocation=
ProjectManager.UAScriptAfterPath=
ProjectManager.UAScriptBeforePath=
ProjectManager.UnderRoot=false
ProjectManager.functionlistsort=1-SystemClock_Config-RCC-false-HAL-false,2-MX_GPIO_Init-GPIO-false-HAL-true,3-MX_USART2_UART_Init-USART2-false-HAL-true,4-MX_USART6_UART_Init-USART6-false-HAL-true,5-MX_I2C1_Init-I2C1-false-HAL-true,6-MX_USART3_UART_Init-USART3-false-HAL-true,7-MX_I2C4_Init-I2C4-false-HAL-true,8-MX_I2C2_Init-I2C2-false-HAL-true,9-MX_I2C3_Init-I2C3-false-HAL-true,0-MX_CORTEX_M7_Init-CORTEX_M7-false-HAL-true
RCC.ADCFreq_Value=129000000
RCC.AHB12Freq_Value=64000000
RCC.AHB4Freq_Value=64000000
RCC.APB1Freq_Value=32000000
RCC.APB2Freq_Value=32000000
RCC.APB3Freq_Value=64000000
RCC.APB4Freq_Value=64000000
RCC.AXIClockFreq_Value=64000000
RCC.CECFreq_Value=32000
RCC.CKPERFreq_Value=64000000
RCC.CortexFreq_Value=64000000
RCC.CpuClockFreq_Value=64000000
RCC.D1CPREFreq_Value=64000000
RCC.D2PPRE1=RCC_APB1_DIV2
RCC.D2PPRE2=RCC_APB2_DIV2
RCC.DFSDMACLkFreq_Value=129000000
RCC.DFSDMFreq_Value=32000000
RCC.DIVP1Freq_Value=129000000
RCC.DIVP2Freq_Value=129000000
RCC.DIVP3Freq_Value=129000000
RCC.DIVQ1Freq_Value=129000000
RCC.DIVQ2Freq_Value=129000000
RCC.DIVQ3Freq_Value=129000000
RCC.DIVR1Freq_Value=129000000
RCC.DIVR2Freq_Value=129000000
RCC.DIVR3Freq_Value=129000000
RCC.FDCANFreq_Value=129000000
RCC.FMCFreq_Value=64000000
RCC.FamilyName=M
RCC.HCLK3ClockFreq_Value=64000000
RCC.HCLKFreq_Value=64000000
RCC.HRTIMFreq_Value=64000000
RCC.I2C123Freq_Value=32000000
RCC.I2C4Freq_Value=64000000
RCC.IPParameters=ADCFreq_Value,AHB12Freq_Value,AHB4Freq_Value,APB1Freq_Value,APB2Freq_Value,APB3Freq_Value,APB4Freq_Value,AXIClockFreq_Value,CECFreq_Value,CKPERFreq_Value,CortexFreq_Value,CpuClockFreq_Value,D1CPREFreq_Value,D2PPRE1,D2PPRE2,DFSDMACLkFreq_Value,DFSDMFreq_Value,DIVP1Freq_Value,DIVP2Freq_Value,DIVP3Freq_Value,DIVQ1Freq_Value,DIVQ2Freq_Value,DIVQ3Freq_Value,DIVR1Freq_Value,DIVR2Freq_Value,DIVR3Freq_Value,FDCANFreq_Value,FMCFreq_Value,FamilyName,HCLK3ClockFreq_Value,HCLKFreq_Value,HRTIMFreq_Value,I2C123Freq_Value,I2C4Freq_Value,LPTIM1Freq_Value,LPTIM2Freq_Value,LPTIM345Freq_Value,LPUART1Freq_Value,LTDCFreq_Value,MCO1PinFreq_Value,MCO2PinFreq_Value,QSPIFreq_Value,RNGFreq_Value,RTCFreq_Value,SAI1Freq_Value,SAI23Freq_Value,SAI4AFreq_Value,SAI4BFreq_Value,SDMMCFreq_Value,SPDIFRXFreq_Value,SPI123Freq_Value,SPI45Freq_Value,SPI6Freq_Value,SWPMI1Freq_Value,SYSCLKFreq_VALUE,Tim1OutputFreq_Value,Tim2OutputFreq_Value,TraceFreq_Value,USART16Freq_Value,USART234578Freq_Value,USBFreq_Value,VCO1OutputFreq_Value,VCO2OutputFreq_Value,VCO3OutputFreq_Value,VCOInput1Freq_Value,VCOInput2Freq_Value,VCOInput3Freq_Value
RCC.LPTIM1Freq_Value=32000000
RCC.LPTIM2Freq_Value=64000000
RCC.LPTIM345Freq_Value=64000000
RCC.LPUART1Freq_Value=64000000
RCC.LTDCFreq_Value=129000000
RCC.MCO1PinFreq_Value=64000000
RCC.MCO2PinFreq_Value=64000000
RCC.QSPIFreq_Value=64000000
RCC.RNGFreq_Value=48000000
RCC.RTCFreq_Value=32000
RCC.SAI1Freq_Value=129000000
RCC.SAI23Freq_Value=129000000
RCC.SAI4AFreq_Value=129000000
RCC.SAI4BFreq_Value=129000000
RCC.SDMMCFreq_Value=129000000
RCC.SPDIFRXFreq_Value=129000000
RCC.SPI123Freq_Value=129000000
RCC.SPI45Freq_Value=32000000
RCC.SPI6Freq_Value=64000000
RCC.SWPMI1Freq_Value=32000000
RCC.SYSCLKFreq_VALUE=64000000
RCC.Tim1OutputFreq_Value=64000000
RCC.Tim2OutputFreq_Value=64000000
RCC.TraceFreq_Value=64000000
RCC.USART16Freq_Value=32000000
RCC.USART234578Freq_Value=32000000
RCC.USBFreq_Value=129000000
RCC.VCO1OutputFreq_Value=258000000
RCC.VCO2OutputFreq_Value=258000000
RCC.VCO3OutputFreq_Value=258000000
RCC.VCOInput1Freq_Value=2000000
RCC.VCOInput2Freq_Value=2000000
RCC.VCOInput3Freq_Value=2000000
SH.GPXTI6.0=GPIO_EXTI6
SH.GPXTI6.ConfNb=1
SH.GPXTI8.0=GPIO_EXTI8
SH.GPXTI8.ConfNb=1
USART2.IPParameters=VirtualMode-Asynchronous
USART2.VirtualMode-Asynchronous=VM_ASYNC
USART3.IPParameters=VirtualMode-Asynchronous
USART3.VirtualMode-Asynchronous=VM_ASYNC
USART6.IPParameters=VirtualMode-Asynchronous
USART6.VirtualMode-Asynchronous=VM_ASYNC
VP_FREERTOS_VS_CMSIS_V2.Mode=CMSIS_V2
VP_FREERTOS_VS_CMSIS_V2.Signal=FREERTOS_VS_CMSIS_V2
VP_MEMORYMAP_VS_MEMORYMAP.Mode=CurAppReg
VP_MEMORYMAP_VS_MEMORYMAP.Signal=MEMORYMAP_VS_MEMORYMAP
VP_SYS_VS_tim1.Mode=TIM1
VP_SYS_VS_tim1.Signal=SYS_VS_tim1
board=custom
rtos.0.ip=FREERTOS
